
Microsoft Visual Studio Solution File, Format Version 12.00
# Visual Studio Version 16
VisualStudioVersion = 16.0.28803.352
MinimumVisualStudioVersion = 10.0.40219.1
Project("{FAE04EC0-301F-11D3-BF4B-00C04F79EFBC}") = "Junio17", "17Junio\Junio17.csproj", "{8C315668-2B37-4ED3-9D8D-584C194BD04F}"
EndProject
Global
	GlobalSection(SolutionConfigurationPlatforms) = preSolution
		Debug|Any CPU = Debug|Any CPU
		Release|Any CPU = Release|Any CPU
	EndGlobalSection
	GlobalSection(ProjectConfigurationPlatforms) = postSolution
		{8C315668-2B37-4ED3-9D8D-584C194BD04F}.Debug|Any CPU.ActiveCfg = Debug|Any CPU
		{8C315668-2B37-4ED3-9D8D-584C194BD04F}.Debug|Any CPU.Build.0 = Debug|Any CPU
		{8C315668-2B37-4ED3-9D8D-584C194BD04F}.Release|Any CPU.ActiveCfg = Release|Any CPU
		{8C315668-2B37-4ED3-9D8D-584C194BD04F}.Release|Any CPU.Build.0 = Release|Any CPU
	EndGlobalSection
	GlobalSection(SolutionProperties) = preSolution
		HideSolutionNode = FALSE
	EndGlobalSection
	GlobalSection(ExtensibilityGlobals) = postSolution
		SolutionGuid = {1F594B49-40CD-4BB8-AE1D-0D63A0A9B0A0}
	EndGlobalSection
EndGlobal
